// !$*UTF8*$!
{
	archiveVersion = 1;
	classes = {
	};
	objectVersion = 46;
	objects = {

/* Begin PBXBuildFile section */
		F28D17FB1DE8362700325DB5 /* main.m in Sources */ = {isa = PBXBuildFile; fileRef = F28D17FA1DE8362700325DB5 /* main.m */; };
		F28D17FE1DE8362700325DB5 /* AppDelegate.m in Sources */ = {isa = PBXBuildFile; fileRef = F28D17FD1DE8362700325DB5 /* AppDelegate.m */; };
		F28D18011DE8362700325DB5 /* ViewController.m in Sources */ = {isa = PBXBuildFile; fileRef = F28D18001DE8362700325DB5 /* ViewController.m */; };
		F28D18041DE8362800325DB5 /* Main.storyboard in Resources */ = {isa = PBXBuildFile; fileRef = F28D18021DE8362800325DB5 /* Main.storyboard */; };
		F28D18061DE8362800325DB5 /* Assets.xcassets in Resources */ = {isa = PBXBuildFile; fileRef = F28D18051DE8362800325DB5 /* Assets.xcassets */; };
		F28D18091DE8362800325DB5 /* LaunchScreen.storyboard in Resources */ = {isa = PBXBuildFile; fileRef = F28D18071DE8362800325DB5 /* LaunchScreen.storyboard */; };
		F2CFAEB71DE9838900C6C92D /* TSCalendarView.m in Sources */ = {isa = PBXBuildFile; fileRef = F2CFAEB61DE9838900C6C92D /* TSCalendarView.m */; };
		F2CFAEBF1DE9C99B00C6C92D /* TSCalendarModel.m in Sources */ = {isa = PBXBuildFile; fileRef = F2CFAEBE1DE9C99B00C6C92D /* TSCalendarModel.m */; };
		F2CFAEF51DEA8B2300C6C92D /* TSAction.m in Sources */ = {isa = PBXBuildFile; fileRef = F2CFAEF01DEA8B2300C6C92D /* TSAction.m */; };
		F2CFAEF61DEA8B2300C6C92D /* TSActionModel.m in Sources */ = {isa = PBXBuildFile; fileRef = F2CFAEF21DEA8B2300C6C92D /* TSActionModel.m */; };
		F2CFAEF71DEA8B2300C6C92D /* TSToolBar.m in Sources */ = {isa = PBXBuildFile; fileRef = F2CFAEF41DEA8B2300C6C92D /* TSToolBar.m */; };
		F2CFAEFA1DEA95E200C6C92D /* TSMonthView.m in Sources */ = {isa = PBXBuildFile; fileRef = F2CFAEF91DEA95E200C6C92D /* TSMonthView.m */; };
		F2CFAEFD1DEA961F00C6C92D /* NSDate+CBPUtilityTool.m in Sources */ = {isa = PBXBuildFile; fileRef = F2CFAEFC1DEA961F00C6C92D /* NSDate+CBPUtilityTool.m */; };
		F2D6038D1DEABF760089732D /* TSCalendarCollectionViewCell.m in Sources */ = {isa = PBXBuildFile; fileRef = F2D6038B1DEABF760089732D /* TSCalendarCollectionViewCell.m */; };
/* End PBXBuildFile section */

/* Begin PBXFileReference section */
		F28D17F61DE8362700325DB5 /* TSCalendarView.app */ = {isa = PBXFileReference; explicitFileType = wrapper.application; includeInIndex = 0; path = TSCalendarView.app; sourceTree = BUILT_PRODUCTS_DIR; };
		F28D17FA1DE8362700325DB5 /* main.m */ = {isa = PBXFileReference; lastKnownFileType = sourcecode.c.objc; path = main.m; sourceTree = "<group>"; };
		F28D17FC1DE8362700325DB5 /* AppDelegate.h */ = {isa = PBXFileReference; lastKnownFileType = sourcecode.c.h; path = AppDelegate.h; sourceTree = "<group>"; };
		F28D17FD1DE8362700325DB5 /* AppDelegate.m */ = {isa = PBXFileReference; lastKnownFileType = sourcecode.c.objc; path = AppDelegate.m; sourceTree = "<group>"; };
		F28D17FF1DE8362700325DB5 /* ViewController.h */ = {isa = PBXFileReference; lastKnownFileType = sourcecode.c.h; path = ViewController.h; sourceTree = "<group>"; };
		F28D18001DE8362700325DB5 /* ViewController.m */ = {isa = PBXFileReference; lastKnownFileType = sourcecode.c.objc; path = ViewController.m; sourceTree = "<group>"; };
		F28D18031DE8362800325DB5 /* Base */ = {isa = PBXFileReference; lastKnownFileType = file.storyboard; name = Base; path = Base.lproj/Main.storyboard; sourceTree = "<group>"; };
		F28D18051DE8362800325DB5 /* Assets.xcassets */ = {isa = PBXFileReference; lastKnownFileType = folder.assetcatalog; path = Assets.xcassets; sourceTree = "<group>"; };
		F28D18081DE8362800325DB5 /* Base */ = {isa = PBXFileReference; lastKnownFileType = file.storyboard; name = Base; path = Base.lproj/LaunchScreen.storyboard; sourceTree = "<group>"; };
		F28D180A1DE8362800325DB5 /* Info.plist */ = {isa = PBXFileReference; lastKnownFileType = text.plist.xml; path = Info.plist; sourceTree = "<group>"; };
		F2CFAEB51DE9838900C6C92D /* TSCalendarView.h */ = {isa = PBXFileReference; fileEncoding = 4; lastKnownFileType = sourcecode.c.h; path = TSCalendarView.h; sourceTree = "<group>"; };
		F2CFAEB61DE9838900C6C92D /* TSCalendarView.m */ = {isa = PBXFileReference; fileEncoding = 4; lastKnownFileType = sourcecode.c.objc; path = TSCalendarView.m; sourceTree = "<group>"; };
		F2CFAEBD1DE9C99B00C6C92D /* TSCalendarModel.h */ = {isa = PBXFileReference; fileEncoding = 4; lastKnownFileType = sourcecode.c.h; path = TSCalendarModel.h; sourceTree = "<group>"; };
		F2CFAEBE1DE9C99B00C6C92D /* TSCalendarModel.m */ = {isa = PBXFileReference; fileEncoding = 4; lastKnownFileType = sourcecode.c.objc; path = TSCalendarModel.m; sourceTree = "<group>"; };
		F2CFAEEF1DEA8B2300C6C92D /* TSAction.h */ = {isa = PBXFileReference; fileEncoding = 4; lastKnownFileType = sourcecode.c.h; path = TSAction.h; sourceTree = "<group>"; };
		F2CFAEF01DEA8B2300C6C92D /* TSAction.m */ = {isa = PBXFileReference; fileEncoding = 4; lastKnownFileType = sourcecode.c.objc; path = TSAction.m; sourceTree = "<group>"; };
		F2CFAEF11DEA8B2300C6C92D /* TSActionModel.h */ = {isa = PBXFileReference; fileEncoding = 4; lastKnownFileType = sourcecode.c.h; path = TSActionModel.h; sourceTree = "<group>"; };
		F2CFAEF21DEA8B2300C6C92D /* TSActionModel.m */ = {isa = PBXFileReference; fileEncoding = 4; lastKnownFileType = sourcecode.c.objc; path = TSActionModel.m; sourceTree = "<group>"; };
		F2CFAEF31DEA8B2300C6C92D /* TSToolBar.h */ = {isa = PBXFileReference; fileEncoding = 4; lastKnownFileType = sourcecode.c.h; path = TSToolBar.h; sourceTree = "<group>"; };
		F2CFAEF41DEA8B2300C6C92D /* TSToolBar.m */ = {isa = PBXFileReference; fileEncoding = 4; lastKnownFileType = sourcecode.c.objc; path = TSToolBar.m; sourceTree = "<group>"; };
		F2CFAEF81DEA95E200C6C92D /* TSMonthView.h */ = {isa = PBXFileReference; fileEncoding = 4; lastKnownFileType = sourcecode.c.h; path = TSMonthView.h; sourceTree = "<group>"; };
		F2CFAEF91DEA95E200C6C92D /* TSMonthView.m */ = {isa = PBXFileReference; fileEncoding = 4; lastKnownFileType = sourcecode.c.objc; path = TSMonthView.m; sourceTree = "<group>"; };
		F2CFAEFB1DEA961F00C6C92D /* NSDate+CBPUtilityTool.h */ = {isa = PBXFileReference; fileEncoding = 4; lastKnownFileType = sourcecode.c.h; path = "NSDate+CBPUtilityTool.h"; sourceTree = "<group>"; };
		F2CFAEFC1DEA961F00C6C92D /* NSDate+CBPUtilityTool.m */ = {isa = PBXFileReference; fileEncoding = 4; lastKnownFileType = sourcecode.c.objc; path = "NSDate+CBPUtilityTool.m"; sourceTree = "<group>"; };
		F2D6038A1DEABF760089732D /* TSCalendarCollectionViewCell.h */ = {isa = PBXFileReference; fileEncoding = 4; lastKnownFileType = sourcecode.c.h; path = TSCalendarCollectionViewCell.h; sourceTree = "<group>"; };
		F2D6038B1DEABF760089732D /* TSCalendarCollectionViewCell.m */ = {isa = PBXFileReference; fileEncoding = 4; lastKnownFileType = sourcecode.c.objc; path = TSCalendarCollectionViewCell.m; sourceTree = "<group>"; };
/* End PBXFileReference section */

/* Begin PBXFrameworksBuildPhase section */
		F28D17F31DE8362700325DB5 /* Frameworks */ = {
			isa = PBXFrameworksBuildPhase;
			buildActionMask = 2147483647;
			files = (
			);
			runOnlyForDeploymentPostprocessing = 0;
		};
/* End PBXFrameworksBuildPhase section */

/* Begin PBXGroup section */
		F28D17ED1DE8362700325DB5 = {
			isa = PBXGroup;
			children = (
				F28D17F81DE8362700325DB5 /* TSCalendarView */,
				F28D17F71DE8362700325DB5 /* Products */,
			);
			sourceTree = "<group>";
		};
		F28D17F71DE8362700325DB5 /* Products */ = {
			isa = PBXGroup;
			children = (
				F28D17F61DE8362700325DB5 /* TSCalendarView.app */,
			);
			name = Products;
			sourceTree = "<group>";
		};
		F28D17F81DE8362700325DB5 /* TSCalendarView */ = {
			isa = PBXGroup;
			children = (
				F28D17FC1DE8362700325DB5 /* AppDelegate.h */,
				F28D17FD1DE8362700325DB5 /* AppDelegate.m */,
				F28D17FF1DE8362700325DB5 /* ViewController.h */,
				F28D18001DE8362700325DB5 /* ViewController.m */,
				F2CFAEB51DE9838900C6C92D /* TSCalendarView.h */,
				F2CFAEB61DE9838900C6C92D /* TSCalendarView.m */,
				F2CFAEBD1DE9C99B00C6C92D /* TSCalendarModel.h */,
				F2CFAEBE1DE9C99B00C6C92D /* TSCalendarModel.m */,
				F2CFAEF81DEA95E200C6C92D /* TSMonthView.h */,
				F2CFAEF91DEA95E200C6C92D /* TSMonthView.m */,
				F2D6038A1DEABF760089732D /* TSCalendarCollectionViewCell.h */,
				F2D6038B1DEABF760089732D /* TSCalendarCollectionViewCell.m */,
				F2CFAEF31DEA8B2300C6C92D /* TSToolBar.h */,
				F2CFAEF41DEA8B2300C6C92D /* TSToolBar.m */,
				F2CFAEEF1DEA8B2300C6C92D /* TSAction.h */,
				F2CFAEF01DEA8B2300C6C92D /* TSAction.m */,
				F2CFAEF11DEA8B2300C6C92D /* TSActionModel.h */,
				F2CFAEF21DEA8B2300C6C92D /* TSActionModel.m */,
				F2CFAEFB1DEA961F00C6C92D /* NSDate+CBPUtilityTool.h */,
				F2CFAEFC1DEA961F00C6C92D /* NSDate+CBPUtilityTool.m */,
				F28D18021DE8362800325DB5 /* Main.storyboard */,
				F28D18051DE8362800325DB5 /* Assets.xcassets */,
				F28D18071DE8362800325DB5 /* LaunchScreen.storyboard */,
				F28D180A1DE8362800325DB5 /* Info.plist */,
				F28D17F91DE8362700325DB5 /* Supporting Files */,
			);
			path = TSCalendarView;
			sourceTree = "<group>";
		};
		F28D17F91DE8362700325DB5 /* Supporting Files */ = {
			isa = PBXGroup;
			children = (
				F28D17FA1DE8362700325DB5 /* main.m */,
			);
			name = "Supporting Files";
			sourceTree = "<group>";
		};
/* End PBXGroup section */

/* Begin PBXNativeTarget section */
		F28D17F51DE8362700325DB5 /* TSCalendarView */ = {
			isa = PBXNativeTarget;
			buildConfigurationList = F28D180D1DE8362800325DB5 /* Build configuration list for PBXNativeTarget "TSCalendarView" */;
			buildPhases = (
				F28D17F21DE8362700325DB5 /* Sources */,
				F28D17F31DE8362700325DB5 /* Frameworks */,
				F28D17F41DE8362700325DB5 /* Resources */,
			);
			buildRules = (
			);
			dependencies = (
			);
			name = TSCalendarView;
			productName = TSCalendarView;
			productReference = F28D17F61DE8362700325DB5 /* TSCalendarView.app */;
			productType = "com.apple.product-type.application";
		};
/* End PBXNativeTarget section */

/* Begin PBXProject section */
		F28D17EE1DE8362700325DB5 /* Project object */ = {
			isa = PBXProject;
			attributes = {
				LastUpgradeCheck = 0810;
				ORGANIZATIONNAME = huangxiong;
				TargetAttributes = {
					F28D17F51DE8362700325DB5 = {
						CreatedOnToolsVersion = 8.1;
						DevelopmentTeam = MZX9J7U5R6;
						ProvisioningStyle = Automatic;
					};
				};
			};
			buildConfigurationList = F28D17F11DE8362700325DB5 /* Build configuration list for PBXProject "TSCalendarView" */;
			compatibilityVersion = "Xcode 3.2";
			developmentRegion = English;
			hasScannedForEncodings = 0;
			knownRegions = (
				en,
				Base,
			);
			mainGroup = F28D17ED1DE8362700325DB5;
			productRefGroup = F28D17F71DE8362700325DB5 /* Products */;
			projectDirPath = "";
			projectRoot = "";
			targets = (
				F28D17F51DE8362700325DB5 /* TSCalendarView */,
			);
		};
/* End PBXProject section */

/* Begin PBXResourcesBuildPhase section */
		F28D17F41DE8362700325DB5 /* Resources */ = {
			isa = PBXResourcesBuildPhase;
			buildActionMask = 2147483647;
			files = (
				F28D18091DE8362800325DB5 /* LaunchScreen.storyboard in Resources */,
				F28D18061DE8362800325DB5 /* Assets.xcassets in Resources */,
				F28D18041DE8362800325DB5 /* Main.storyboard in Resources */,
			);
			runOnlyForDeploymentPostprocessing = 0;
		};
/* End PBXResourcesBuildPhase section */

/* Begin PBXSourcesBuildPhase section */
		F28D17F21DE8362700325DB5 /* Sources */ = {
			isa = PBXSourcesBuildPhase;
			buildActionMask = 2147483647;
			files = (
				F28D18011DE8362700325DB5 /* ViewController.m in Sources */,
				F2CFAEF71DEA8B2300C6C92D /* TSToolBar.m in Sources */,
				F2CFAEFA1DEA95E200C6C92D /* TSMonthView.m in Sources */,
				F2CFAEF51DEA8B2300C6C92D /* TSAction.m in Sources */,
				F28D17FE1DE8362700325DB5 /* AppDelegate.m in Sources */,
				F2CFAEFD1DEA961F00C6C92D /* NSDate+CBPUtilityTool.m in Sources */,
				F2CFAEF61DEA8B2300C6C92D /* TSActionModel.m in Sources */,
				F28D17FB1DE8362700325DB5 /* main.m in Sources */,
				F2CFAEB71DE9838900C6C92D /* TSCalendarView.m in Sources */,
				F2D6038D1DEABF760089732D /* TSCalendarCollectionViewCell.m in Sources */,
				F2CFAEBF1DE9C99B00C6C92D /* TSCalendarModel.m in Sources */,
			);
			runOnlyForDeploymentPostprocessing = 0;
		};
/* End PBXSourcesBuildPhase section */

/* Begin PBXVariantGroup section */
		F28D18021DE8362800325DB5 /* Main.storyboard */ = {
			isa = PBXVariantGroup;
			children = (
				F28D18031DE8362800325DB5 /* Base */,
			);
			name = Main.storyboard;
			sourceTree = "<group>";
		};
		F28D18071DE8362800325DB5 /* LaunchScreen.storyboard */ = {
			isa = PBXVariantGroup;
			children = (
				F28D18081DE8362800325DB5 /* Base */,
			);
			name = LaunchScreen.storyboard;
			sourceTree = "<group>";
		};
/* End PBXVariantGroup section */

/* Begin XCBuildConfiguration section */
		F28D180B1DE8362800325DB5 /* Debug */ = {
			isa = XCBuildConfiguration;
			buildSettings = {
				ALWAYS_SEARCH_USER_PATHS = NO;
				CLANG_ANALYZER_NONNULL = YES;
				CLANG_CXX_LANGUAGE_STANDARD = "gnu++0x";
				CLANG_CXX_LIBRARY = "libc++";
				CLANG_ENABLE_MODULES = YES;
				CLANG_ENABLE_OBJC_ARC = YES;
				CLANG_WARN_BOOL_CONVERSION = YES;
				CLANG_WARN_CONSTANT_CONVERSION = YES;
				CLANG_WARN_DIRECT_OBJC_ISA_USAGE = YES_ERROR;
				CLANG_WARN_DOCUMENTATION_COMMENTS = YES;
				CLANG_WARN_EMPTY_BODY = YES;
				CLANG_WARN_ENUM_CONVERSION = YES;
				CLANG_WARN_INFINITE_RECURSION = YES;
				CLANG_WARN_INT_CONVERSION = YES;
				CLANG_WARN_OBJC_ROOT_CLASS = YES_ERROR;
				CLANG_WARN_SUSPICIOUS_MOVES = YES;
				CLANG_WARN_UNREACHABLE_CODE = YES;
				CLANG_WARN__DUPLICATE_METHOD_MATCH = YES;
				"CODE_SIGN_IDENTITY[sdk=iphoneos*]" = "iPhone Developer";
				COPY_PHASE_STRIP = NO;
				DEBUG_INFORMATION_FORMAT = dwarf;
				ENABLE_STRICT_OBJC_MSGSEND = YES;
				ENABLE_TESTABILITY = YES;
				GCC_C_LANGUAGE_STANDARD = gnu99;
				GCC_DYNAMIC_NO_PIC = NO;
				GCC_NO_COMMON_BLOCKS = YES;
				GCC_OPTIMIZATION_LEVEL = 0;
				GCC_PREPROCESSOR_DEFINITIONS = (
					"DEBUG=1",
					"$(inherited)",
				);
				GCC_WARN_64_TO_32_BIT_CONVERSION = YES;
				GCC_WARN_ABOUT_RETURN_TYPE = YES_ERROR;
				GCC_WARN_UNDECLARED_SELECTOR = YES;
				GCC_WARN_UNINITIALIZED_AUTOS = YES_AGGRESSIVE;
				GCC_WARN_UNUSED_FUNCTION = YES;
				GCC_WARN_UNUSED_VARIABLE = YES;
				IPHONEOS_DEPLOYMENT_TARGET = 10.1;
				MTL_ENABLE_DEBUG_INFO = YES;
				ONLY_ACTIVE_ARCH = YES;
				SDKROOT = iphoneos;
				TARGETED_DEVICE_FAMILY = "1,2";
			};
			name = Debug;
		};
		F28D180C1DE8362800325DB5 /* Release */ = {
			isa = XCBuildConfiguration;
			buildSettings = {
				ALWAYS_SEARCH_USER_PATHS = NO;
				CLANG_ANALYZER_NONNULL = YES;
				CLANG_CXX_LANGUAGE_STANDARD = "gnu++0x";
				CLANG_CXX_LIBRARY = "libc++";
				CLANG_ENABLE_MODULES = YES;
				CLANG_ENABLE_OBJC_ARC = YES;
				CLANG_WARN_BOOL_CONVERSION = YES;
				CLANG_WARN_CONSTANT_CONVERSION = YES;
				CLANG_WARN_DIRECT_OBJC_ISA_USAGE = YES_ERROR;
				CLANG_WARN_DOCUMENTATION_COMMENTS = YES;
				CLANG_WARN_EMPTY_BODY = YES;
				CLANG_WARN_ENUM_CONVERSION = YES;
				CLANG_WARN_INFINITE_RECURSION = YES;
				CLANG_WARN_INT_CONVERSION = YES;
				CLANG_WARN_OBJC_ROOT_CLASS = YES_ERROR;
				CLANG_WARN_SUSPICIOUS_MOVES = YES;
				CLANG_WARN_UNREACHABLE_CODE = YES;
				CLANG_WARN__DUPLICATE_METHOD_MATCH = YES;
				"CODE_SIGN_IDENTITY[sdk=iphoneos*]" = "iPhone Developer";
				COPY_PHASE_STRIP = NO;
				DEBUG_INFORMATION_FORMAT = "dwarf-with-dsym";
				ENABLE_NS_ASSERTIONS = NO;
				ENABLE_STRICT_OBJC_MSGSEND = YES;
				GCC_C_LANGUAGE_STANDARD = gnu99;
				GCC_NO_COMMON_BLOCKS = YES;
				GCC_WARN_64_TO_32_BIT_CONVERSION = YES;
				GCC_WARN_ABOUT_RETURN_TYPE = YES_ERROR;
				GCC_WARN_UNDECLARED_SELECTOR = YES;
				GCC_WARN_UNINITIALIZED_AUTOS = YES_AGGRESSIVE;
				GCC_WARN_UNUSED_FUNCTION = YES;
				GCC_WARN_UNUSED_VARIABLE = YES;
				IPHONEOS_DEPLOYMENT_TARGET = 10.1;
				MTL_ENABLE_DEBUG_INFO = NO;
				SDKROOT = iphoneos;
				TARGETED_DEVICE_FAMILY = "1,2";
				VALIDATE_PRODUCT = YES;
			};
			name = Release;
		};
		F28D180E1DE8362800325DB5 /* Debug */ = {
			isa = XCBuildConfiguration;
			buildSettings = {
				ASSETCATALOG_COMPILER_APPICON_NAME = AppIcon;
				DEVELOPMENT_TEAM = MZX9J7U5R6;
				INFOPLIST_FILE = TSCalendarView/Info.plist;
				LD_RUNPATH_SEARCH_PATHS = "$(inherited) @executable_path/Frameworks";
				PRODUCT_BUNDLE_IDENTIFIER = com.timeScript.TSCalendarView;
				PRODUCT_NAME = "$(TARGET_NAME)";
			};
			name = Debug;
		};
		F28D180F1DE8362800325DB5 /* Release */ = {
			isa = XCBuildConfiguration;
			buildSettings = {
				ASSETCATALOG_COMPILER_APPICON_NAME = AppIcon;
				DEVELOPMENT_TEAM = MZX9J7U5R6;
				INFOPLIST_FILE = TSCalendarView/Info.plist;
				LD_RUNPATH_SEARCH_PATHS = "$(inherited) @executable_path/Frameworks";
				PRODUCT_BUNDLE_IDENTIFIER = com.timeScript.TSCalendarView;
				PRODUCT_NAME = "$(TARGET_NAME)";
			};
			name = Release;
		};
/* End XCBuildConfiguration section */

/* Begin XCConfigurationList section */
		F28D17F11DE8362700325DB5 /* Build configuration list for PBXProject "TSCalendarView" */ = {
			isa = XCConfigurationList;
			buildConfigurations = (
				F28D180B1DE8362800325DB5 /* Debug */,
				F28D180C1DE8362800325DB5 /* Release */,
			);
			defaultConfigurationIsVisible = 0;
			defaultConfigurationName = Release;
		};
		F28D180D1DE8362800325DB5 /* Build configuration list for PBXNativeTarget "TSCalendarView" */ = {
			isa = XCConfigurationList;
			buildConfigurations = (
				F28D180E1DE8362800325DB5 /* Debug */,
				F28D180F1DE8362800325DB5 /* Release */,
			);
			defaultConfigurationIsVisible = 0;
			defaultConfigurationName = Release;
		};
/* End XCConfigurationList section */
	};
	rootObject = F28D17EE1DE8362700325DB5 /* Project object */;
}
